
Microsoft Visual Studio Solution File, Format Version 12.00
# Visual Studio Version 16
VisualStudioVersion = 16.0.31727.386
MinimumVisualStudioVersion = 10.0.40219.1
Project("{FAE04EC0-301F-11D3-BF4B-00C04F79EFBC}") = "proiect1.Android", "proiect1.Android\proiect1.Android.csproj", "{A986371C-2D27-414F-AC96-E9C39C53640F}"
EndProject
Project("{FAE04EC0-301F-11D3-BF4B-00C04F79EFBC}") = "proiect1.iOS", "proiect1.iOS\proiect1.iOS.csproj", "{33216E18-1D9F-4762-B991-7DB512DC70A3}"
EndProject
Project("{FAE04EC0-301F-11D3-BF4B-00C04F79EFBC}") = "proiect1", "proiect1\proiect1.csproj", "{410F6DD2-45C7-46CA-9A3A-921D37E92957}"
EndProject
Global
	GlobalSection(SolutionConfigurationPlatforms) = preSolution
		Debug|Any CPU = Debug|Any CPU
		Debug|iPhone = Debug|iPhone
		Debug|iPhoneSimulator = Debug|iPhoneSimulator
		Release|Any CPU = Release|Any CPU
		Release|iPhone = Release|iPhone
		Release|iPhoneSimulator = Release|iPhoneSimulator
	EndGlobalSection
	GlobalSection(ProjectConfigurationPlatforms) = postSolution
		{A986371C-2D27-414F-AC96-E9C39C53640F}.Debug|Any CPU.ActiveCfg = Debug|Any CPU
		{A986371C-2D27-414F-AC96-E9C39C53640F}.Debug|Any CPU.Build.0 = Debug|Any CPU
		{A986371C-2D27-414F-AC96-E9C39C53640F}.Debug|Any CPU.Deploy.0 = Debug|Any CPU
		{A986371C-2D27-414F-AC96-E9C39C53640F}.Debug|iPhone.ActiveCfg = Debug|Any CPU
		{A986371C-2D27-414F-AC96-E9C39C53640F}.Debug|iPhone.Build.0 = Debug|Any CPU
		{A986371C-2D27-414F-AC96-E9C39C53640F}.Debug|iPhone.Deploy.0 = Debug|Any CPU
		{A986371C-2D27-414F-AC96-E9C39C53640F}.Debug|iPhoneSimulator.ActiveCfg = Debug|Any CPU
		{A986371C-2D27-414F-AC96-E9C39C53640F}.Debug|iPhoneSimulator.Build.0 = Debug|Any CPU
		{A986371C-2D27-414F-AC96-E9C39C53640F}.Debug|iPhoneSimulator.Deploy.0 = Debug|Any CPU
		{A986371C-2D27-414F-AC96-E9C39C53640F}.Release|Any CPU.ActiveCfg = Release|Any CPU
		{A986371C-2D27-414F-AC96-E9C39C53640F}.Release|Any CPU.Build.0 = Release|Any CPU
		{A986371C-2D27-414F-AC96-E9C39C53640F}.Release|Any CPU.Deploy.0 = Release|Any CPU
		{A986371C-2D27-414F-AC96-E9C39C53640F}.Release|iPhone.ActiveCfg = Release|Any CPU
		{A986371C-2D27-414F-AC96-E9C39C53640F}.Release|iPhone.Build.0 = Release|Any CPU
		{A986371C-2D27-414F-AC96-E9C39C53640F}.Release|iPhone.Deploy.0 = Release|Any CPU
		{A986371C-2D27-414F-AC96-E9C39C53640F}.Release|iPhoneSimulator.ActiveCfg = Release|Any CPU
		{A986371C-2D27-414F-AC96-E9C39C53640F}.Release|iPhoneSimulator.Build.0 = Release|Any CPU
		{A986371C-2D27-414F-AC96-E9C39C53640F}.Release|iPhoneSimulator.Deploy.0 = Release|Any CPU
		{33216E18-1D9F-4762-B991-7DB512DC70A3}.Debug|Any CPU.ActiveCfg = Debug|iPhone
		{33216E18-1D9F-4762-B991-7DB512DC70A3}.Debug|Any CPU.Build.0 = Debug|iPhone
		{33216E18-1D9F-4762-B991-7DB512DC70A3}.Debug|Any CPU.Deploy.0 = Debug|iPhone
		{33216E18-1D9F-4762-B991-7DB512DC70A3}.Debug|iPhone.ActiveCfg = Debug|iPhone
		{33216E18-1D9F-4762-B991-7DB512DC70A3}.Debug|iPhone.Build.0 = Debug|iPhone
		{33216E18-1D9F-4762-B991-7DB512DC70A3}.Debug|iPhone.Deploy.0 = Debug|iPhone
		{33216E18-1D9F-4762-B991-7DB512DC70A3}.Debug|iPhoneSimulator.ActiveCfg = Debug|iPhoneSimulator
		{33216E18-1D9F-4762-B991-7DB512DC70A3}.Debug|iPhoneSimulator.Build.0 = Debug|iPhoneSimulator
		{33216E18-1D9F-4762-B991-7DB512DC70A3}.Debug|iPhoneSimulator.Deploy.0 = Debug|iPhoneSimulator
		{33216E18-1D9F-4762-B991-7DB512DC70A3}.Release|Any CPU.ActiveCfg = Release|iPhoneSimulator
		{33216E18-1D9F-4762-B991-7DB512DC70A3}.Release|Any CPU.Build.0 = Release|iPhoneSimulator
		{33216E18-1D9F-4762-B991-7DB512DC70A3}.Release|Any CPU.Deploy.0 = Release|iPhoneSimulator
		{33216E18-1D9F-4762-B991-7DB512DC70A3}.Release|iPhone.ActiveCfg = Release|iPhone
		{33216E18-1D9F-4762-B991-7DB512DC70A3}.Release|iPhone.Build.0 = Release|iPhone
		{33216E18-1D9F-4762-B991-7DB512DC70A3}.Release|iPhone.Deploy.0 = Release|iPhone
		{33216E18-1D9F-4762-B991-7DB512DC70A3}.Release|iPhoneSimulator.ActiveCfg = Release|iPhoneSimulator
		{33216E18-1D9F-4762-B991-7DB512DC70A3}.Release|iPhoneSimulator.Build.0 = Release|iPhoneSimulator
		{33216E18-1D9F-4762-B991-7DB512DC70A3}.Release|iPhoneSimulator.Deploy.0 = Release|iPhoneSimulator
		{410F6DD2-45C7-46CA-9A3A-921D37E92957}.Debug|Any CPU.ActiveCfg = Debug|Any CPU
		{410F6DD2-45C7-46CA-9A3A-921D37E92957}.Debug|Any CPU.Build.0 = Debug|Any CPU
		{410F6DD2-45C7-46CA-9A3A-921D37E92957}.Debug|Any CPU.Deploy.0 = Debug|Any CPU
		{410F6DD2-45C7-46CA-9A3A-921D37E92957}.Debug|iPhone.ActiveCfg = Debug|Any CPU
		{410F6DD2-45C7-46CA-9A3A-921D37E92957}.Debug|iPhone.Build.0 = Debug|Any CPU
		{410F6DD2-45C7-46CA-9A3A-921D37E92957}.Debug|iPhone.Deploy.0 = Debug|Any CPU
		{410F6DD2-45C7-46CA-9A3A-921D37E92957}.Debug|iPhoneSimulator.ActiveCfg = Debug|Any CPU
		{410F6DD2-45C7-46CA-9A3A-921D37E92957}.Debug|iPhoneSimulator.Build.0 = Debug|Any CPU
		{410F6DD2-45C7-46CA-9A3A-921D37E92957}.Debug|iPhoneSimulator.Deploy.0 = Debug|Any CPU
		{410F6DD2-45C7-46CA-9A3A-921D37E92957}.Release|Any CPU.ActiveCfg = Release|Any CPU
		{410F6DD2-45C7-46CA-9A3A-921D37E92957}.Release|Any CPU.Build.0 = Release|Any CPU
		{410F6DD2-45C7-46CA-9A3A-921D37E92957}.Release|Any CPU.Deploy.0 = Release|Any CPU
		{410F6DD2-45C7-46CA-9A3A-921D37E92957}.Release|iPhone.ActiveCfg = Release|Any CPU
		{410F6DD2-45C7-46CA-9A3A-921D37E92957}.Release|iPhone.Build.0 = Release|Any CPU
		{410F6DD2-45C7-46CA-9A3A-921D37E92957}.Release|iPhone.Deploy.0 = Release|Any CPU
		{410F6DD2-45C7-46CA-9A3A-921D37E92957}.Release|iPhoneSimulator.ActiveCfg = Release|Any CPU
		{410F6DD2-45C7-46CA-9A3A-921D37E92957}.Release|iPhoneSimulator.Build.0 = Release|Any CPU
		{410F6DD2-45C7-46CA-9A3A-921D37E92957}.Release|iPhoneSimulator.Deploy.0 = Release|Any CPU
	EndGlobalSection
	GlobalSection(SolutionProperties) = preSolution
		HideSolutionNode = FALSE
	EndGlobalSection
	GlobalSection(ExtensibilityGlobals) = postSolution
		SolutionGuid = {D79D8D73-A542-4E9B-B6C5-154D978F1E2B}
	EndGlobalSection
EndGlobal
