
Microsoft Visual Studio Solution File, Format Version 12.00
# Visual Studio Version 16
VisualStudioVersion = 16.0.31702.278
MinimumVisualStudioVersion = 10.0.40219.1
Project("{FAE04EC0-301F-11D3-BF4B-00C04F79EFBC}") = "Restaurant", "Restaurant.csproj", "{9BC2F0DD-C59A-4645-ADD5-3E74E2A3238D}"
EndProject
Global
	GlobalSection(SolutionConfigurationPlatforms) = preSolution
		Debug|Any CPU = Debug|Any CPU
		Release|Any CPU = Release|Any CPU
	EndGlobalSection
	GlobalSection(ProjectConfigurationPlatforms) = postSolution
		{9BC2F0DD-C59A-4645-ADD5-3E74E2A3238D}.Debug|Any CPU.ActiveCfg = Debug|Any CPU
		{9BC2F0DD-C59A-4645-ADD5-3E74E2A3238D}.Debug|Any CPU.Build.0 = Debug|Any CPU
		{9BC2F0DD-C59A-4645-ADD5-3E74E2A3238D}.Release|Any CPU.ActiveCfg = Release|Any CPU
		{9BC2F0DD-C59A-4645-ADD5-3E74E2A3238D}.Release|Any CPU.Build.0 = Release|Any CPU
	EndGlobalSection
	GlobalSection(SolutionProperties) = preSolution
		HideSolutionNode = FALSE
	EndGlobalSection
	GlobalSection(ExtensibilityGlobals) = postSolution
		SolutionGuid = {B7145C77-665F-48AD-A4E1-259E64177C17}
	EndGlobalSection
EndGlobal
